
Microsoft Visual Studio Solution File, Format Version 12.00
# Visual Studio Version 17
VisualStudioVersion = 17.0.31903.59
MinimumVisualStudioVersion = 10.0.40219.1
Project("{FAE04EC0-301F-11D3-BF4B-00C04F79EFBC}") = "stack", "stack\stack.csproj", "{9B0FB1DE-282C-4592-9ED1-35AD16A01A3F}"
EndProject
Project("{FAE04EC0-301F-11D3-BF4B-00C04F79EFBC}") = "stack.tests", "stack.tests\stack.tests.csproj", "{C48010AE-F2E3-4382-BF18-00DA67829586}"
EndProject
Global
	GlobalSection(SolutionConfigurationPlatforms) = preSolution
		Debug|Any CPU = Debug|Any CPU
		Release|Any CPU = Release|Any CPU
	EndGlobalSection
	GlobalSection(SolutionProperties) = preSolution
		HideSolutionNode = FALSE
	EndGlobalSection
	GlobalSection(ProjectConfigurationPlatforms) = postSolution
		{9B0FB1DE-282C-4592-9ED1-35AD16A01A3F}.Debug|Any CPU.ActiveCfg = Debug|Any CPU
		{9B0FB1DE-282C-4592-9ED1-35AD16A01A3F}.Debug|Any CPU.Build.0 = Debug|Any CPU
		{9B0FB1DE-282C-4592-9ED1-35AD16A01A3F}.Release|Any CPU.ActiveCfg = Release|Any CPU
		{9B0FB1DE-282C-4592-9ED1-35AD16A01A3F}.Release|Any CPU.Build.0 = Release|Any CPU
		{C48010AE-F2E3-4382-BF18-00DA67829586}.Debug|Any CPU.ActiveCfg = Debug|Any CPU
		{C48010AE-F2E3-4382-BF18-00DA67829586}.Debug|Any CPU.Build.0 = Debug|Any CPU
		{C48010AE-F2E3-4382-BF18-00DA67829586}.Release|Any CPU.ActiveCfg = Release|Any CPU
		{C48010AE-F2E3-4382-BF18-00DA67829586}.Release|Any CPU.Build.0 = Release|Any CPU
	EndGlobalSection
EndGlobal
