
Microsoft Visual Studio Solution File, Format Version 12.00
# Visual Studio Version 17
VisualStudioVersion = 17.0.31903.59
MinimumVisualStudioVersion = 10.0.40219.1
Project("{9A19103F-16F7-4668-BE54-9A1E7A4F7556}") = "Database", "database\Database.csproj", "{8B84A831-141E-40AB-B331-56BF274FEC8C}"
EndProject
Project("{9A19103F-16F7-4668-BE54-9A1E7A4F7556}") = "Database.tests", "database.tests\Database.tests.csproj", "{252F41B4-CD2E-41AD-98C3-82865F44D4AA}"
EndProject
Global
	GlobalSection(SolutionConfigurationPlatforms) = preSolution
		Debug|Any CPU = Debug|Any CPU
		Release|Any CPU = Release|Any CPU
	EndGlobalSection
	GlobalSection(ProjectConfigurationPlatforms) = postSolution
		{8B84A831-141E-40AB-B331-56BF274FEC8C}.Debug|Any CPU.ActiveCfg = Debug|Any CPU
		{8B84A831-141E-40AB-B331-56BF274FEC8C}.Debug|Any CPU.Build.0 = Debug|Any CPU
		{8B84A831-141E-40AB-B331-56BF274FEC8C}.Release|Any CPU.ActiveCfg = Release|Any CPU
		{8B84A831-141E-40AB-B331-56BF274FEC8C}.Release|Any CPU.Build.0 = Release|Any CPU
		{252F41B4-CD2E-41AD-98C3-82865F44D4AA}.Debug|Any CPU.ActiveCfg = Debug|Any CPU
		{252F41B4-CD2E-41AD-98C3-82865F44D4AA}.Debug|Any CPU.Build.0 = Debug|Any CPU
		{252F41B4-CD2E-41AD-98C3-82865F44D4AA}.Release|Any CPU.ActiveCfg = Release|Any CPU
		{252F41B4-CD2E-41AD-98C3-82865F44D4AA}.Release|Any CPU.Build.0 = Release|Any CPU
	EndGlobalSection
	GlobalSection(SolutionProperties) = preSolution
		HideSolutionNode = FALSE
	EndGlobalSection
EndGlobal
